// !$*UTF8*$!
{
	archiveVersion = 1;
	classes = {
	};
	objectVersion = 50;
	objects = {

/* Begin PBXBuildFile section */
		10042B07282BF57600A88A72 /* AppDelegate.swift in Sources */ = {isa = PBXBuildFile; fileRef = 10042B06282BF57600A88A72 /* AppDelegate.swift */; };
		10042B0F282BF57600A88A72 /* GameViewController.swift in Sources */ = {isa = PBXBuildFile; fileRef = 10042B0E282BF57600A88A72 /* GameViewController.swift */; };
		10042B12282BF57600A88A72 /* Main.storyboard in Resources */ = {isa = PBXBuildFile; fileRef = 10042B10282BF57600A88A72 /* Main.storyboard */; };
		10042B14282BF57600A88A72 /* Assets.xcassets in Resources */ = {isa = PBXBuildFile; fileRef = 10042B13282BF57600A88A72 /* Assets.xcassets */; };
		104898FF282EA840001DD945 /* GameScene.swift in Sources */ = {isa = PBXBuildFile; fileRef = 104898FE282EA840001DD945 /* GameScene.swift */; };
		106F43EE2841050F0067B9B6 /* Dinosaur.swift in Sources */ = {isa = PBXBuildFile; fileRef = 106F43ED2841050F0067B9B6 /* Dinosaur.swift */; };
		10CE1B082841086200DF16C4 /* Dinosaurs.atlas in Resources */ = {isa = PBXBuildFile; fileRef = 10CE1B072841086200DF16C4 /* Dinosaurs.atlas */; };
		10F8941C282EA31500253988 /* MainMenuScene.swift in Sources */ = {isa = PBXBuildFile; fileRef = 10F8941B282EA31500253988 /* MainMenuScene.swift */; };
/* End PBXBuildFile section */

/* Begin PBXFileReference section */
		10042B03282BF57600A88A72 /* Dinosaurs-iOS.app */ = {isa = PBXFileReference; explicitFileType = wrapper.application; includeInIndex = 0; path = "Dinosaurs-iOS.app"; sourceTree = BUILT_PRODUCTS_DIR; };
		10042B06282BF57600A88A72 /* AppDelegate.swift */ = {isa = PBXFileReference; lastKnownFileType = sourcecode.swift; path = AppDelegate.swift; sourceTree = "<group>"; };
		10042B0E282BF57600A88A72 /* GameViewController.swift */ = {isa = PBXFileReference; lastKnownFileType = sourcecode.swift; path = GameViewController.swift; sourceTree = "<group>"; };
		10042B11282BF57600A88A72 /* Base */ = {isa = PBXFileReference; lastKnownFileType = file.storyboard; name = Base; path = Base.lproj/Main.storyboard; sourceTree = "<group>"; };
		10042B13282BF57600A88A72 /* Assets.xcassets */ = {isa = PBXFileReference; lastKnownFileType = folder.assetcatalog; path = Assets.xcassets; sourceTree = "<group>"; };
		10042B15282BF57600A88A72 /* Info.plist */ = {isa = PBXFileReference; lastKnownFileType = text.plist.xml; path = Info.plist; sourceTree = "<group>"; };
		104898FE282EA840001DD945 /* GameScene.swift */ = {isa = PBXFileReference; lastKnownFileType = sourcecode.swift; path = GameScene.swift; sourceTree = "<group>"; };
		106F43ED2841050F0067B9B6 /* Dinosaur.swift */ = {isa = PBXFileReference; lastKnownFileType = sourcecode.swift; path = Dinosaur.swift; sourceTree = "<group>"; };
		10CE1B072841086200DF16C4 /* Dinosaurs.atlas */ = {isa = PBXFileReference; lastKnownFileType = folder.skatlas; name = Dinosaurs.atlas; path = ../../Dinosaurs.atlas; sourceTree = "<group>"; };
		10F8941B282EA31500253988 /* MainMenuScene.swift */ = {isa = PBXFileReference; lastKnownFileType = sourcecode.swift; path = MainMenuScene.swift; sourceTree = "<group>"; };
/* End PBXFileReference section */

/* Begin PBXFrameworksBuildPhase section */
		10042B00282BF57600A88A72 /* Frameworks */ = {
			isa = PBXFrameworksBuildPhase;
			buildActionMask = 2147483647;
			files = (
			);
			runOnlyForDeploymentPostprocessing = 0;
		};
/* End PBXFrameworksBuildPhase section */

/* Begin PBXGroup section */
		10042AFA282BF57500A88A72 = {
			isa = PBXGroup;
			children = (
				10042B05282BF57600A88A72 /* Dinosaurs-iOS */,
				10042B04282BF57600A88A72 /* Products */,
			);
			sourceTree = "<group>";
		};
		10042B04282BF57600A88A72 /* Products */ = {
			isa = PBXGroup;
			children = (
				10042B03282BF57600A88A72 /* Dinosaurs-iOS.app */,
			);
			name = Products;
			sourceTree = "<group>";
		};
		10042B05282BF57600A88A72 /* Dinosaurs-iOS */ = {
			isa = PBXGroup;
			children = (
				10CE1B072841086200DF16C4 /* Dinosaurs.atlas */,
				10042B06282BF57600A88A72 /* AppDelegate.swift */,
				10042B0E282BF57600A88A72 /* GameViewController.swift */,
				10042B10282BF57600A88A72 /* Main.storyboard */,
				10042B13282BF57600A88A72 /* Assets.xcassets */,
				10042B15282BF57600A88A72 /* Info.plist */,
				10F8941B282EA31500253988 /* MainMenuScene.swift */,
				104898FE282EA840001DD945 /* GameScene.swift */,
				106F43ED2841050F0067B9B6 /* Dinosaur.swift */,
			);
			path = "Dinosaurs-iOS";
			sourceTree = "<group>";
		};
/* End PBXGroup section */

/* Begin PBXNativeTarget section */
		10042B02282BF57600A88A72 /* Dinosaurs-iOS */ = {
			isa = PBXNativeTarget;
			buildConfigurationList = 10042B18282BF57600A88A72 /* Build configuration list for PBXNativeTarget "Dinosaurs-iOS" */;
			buildPhases = (
				10042AFF282BF57600A88A72 /* Sources */,
				10042B00282BF57600A88A72 /* Frameworks */,
				10042B01282BF57600A88A72 /* Resources */,
			);
			buildRules = (
			);
			dependencies = (
			);
			name = "Dinosaurs-iOS";
			productName = "Dinosaurs-iOS";
			productReference = 10042B03282BF57600A88A72 /* Dinosaurs-iOS.app */;
			productType = "com.apple.product-type.application";
		};
/* End PBXNativeTarget section */

/* Begin PBXProject section */
		10042AFB282BF57500A88A72 /* Project object */ = {
			isa = PBXProject;
			attributes = {
				LastSwiftUpdateCheck = 1250;
				LastUpgradeCheck = 1250;
				TargetAttributes = {
					10042B02282BF57600A88A72 = {
						CreatedOnToolsVersion = 12.5;
					};
				};
			};
			buildConfigurationList = 10042AFE282BF57500A88A72 /* Build configuration list for PBXProject "Dinosaurs-iOS" */;
			compatibilityVersion = "Xcode 9.3";
			developmentRegion = en;
			hasScannedForEncodings = 0;
			knownRegions = (
				en,
				Base,
			);
			mainGroup = 10042AFA282BF57500A88A72;
			productRefGroup = 10042B04282BF57600A88A72 /* Products */;
			projectDirPath = "";
			projectRoot = "";
			targets = (
				10042B02282BF57600A88A72 /* Dinosaurs-iOS */,
			);
		};
/* End PBXProject section */

/* Begin PBXResourcesBuildPhase section */
		10042B01282BF57600A88A72 /* Resources */ = {
			isa = PBXResourcesBuildPhase;
			buildActionMask = 2147483647;
			files = (
				10CE1B082841086200DF16C4 /* Dinosaurs.atlas in Resources */,
				10042B12282BF57600A88A72 /* Main.storyboard in Resources */,
				10042B14282BF57600A88A72 /* Assets.xcassets in Resources */,
			);
			runOnlyForDeploymentPostprocessing = 0;
		};
/* End PBXResourcesBuildPhase section */

/* Begin PBXSourcesBuildPhase section */
		10042AFF282BF57600A88A72 /* Sources */ = {
			isa = PBXSourcesBuildPhase;
			buildActionMask = 2147483647;
			files = (
				10F8941C282EA31500253988 /* MainMenuScene.swift in Sources */,
				10042B0F282BF57600A88A72 /* GameViewController.swift in Sources */,
				106F43EE2841050F0067B9B6 /* Dinosaur.swift in Sources */,
				104898FF282EA840001DD945 /* GameScene.swift in Sources */,
				10042B07282BF57600A88A72 /* AppDelegate.swift in Sources */,
			);
			runOnlyForDeploymentPostprocessing = 0;
		};
/* End PBXSourcesBuildPhase section */

/* Begin PBXVariantGroup section */
		10042B10282BF57600A88A72 /* Main.storyboard */ = {
			isa = PBXVariantGroup;
			children = (
				10042B11282BF57600A88A72 /* Base */,
			);
			name = Main.storyboard;
			sourceTree = "<group>";
		};
/* End PBXVariantGroup section */

/* Begin XCBuildConfiguration section */
		10042B16282BF57600A88A72 /* Debug */ = {
			isa = XCBuildConfiguration;
			buildSettings = {
				ALWAYS_SEARCH_USER_PATHS = NO;
				CLANG_ANALYZER_NONNULL = YES;
				CLANG_ANALYZER_NUMBER_OBJECT_CONVERSION = YES_AGGRESSIVE;
				CLANG_CXX_LANGUAGE_STANDARD = "gnu++14";
				CLANG_CXX_LIBRARY = "libc++";
				CLANG_ENABLE_MODULES = YES;
				CLANG_ENABLE_OBJC_ARC = YES;
				CLANG_ENABLE_OBJC_WEAK = YES;
				CLANG_WARN_BLOCK_CAPTURE_AUTORELEASING = YES;
				CLANG_WARN_BOOL_CONVERSION = YES;
				CLANG_WARN_COMMA = YES;
				CLANG_WARN_CONSTANT_CONVERSION = YES;
				CLANG_WARN_DEPRECATED_OBJC_IMPLEMENTATIONS = YES;
				CLANG_WARN_DIRECT_OBJC_ISA_USAGE = YES_ERROR;
				CLANG_WARN_DOCUMENTATION_COMMENTS = YES;
				CLANG_WARN_EMPTY_BODY = YES;
				CLANG_WARN_ENUM_CONVERSION = YES;
				CLANG_WARN_INFINITE_RECURSION = YES;
				CLANG_WARN_INT_CONVERSION = YES;
				CLANG_WARN_NON_LITERAL_NULL_CONVERSION = YES;
				CLANG_WARN_OBJC_IMPLICIT_RETAIN_SELF = YES;
				CLANG_WARN_OBJC_LITERAL_CONVERSION = YES;
				CLANG_WARN_OBJC_ROOT_CLASS = YES_ERROR;
				CLANG_WARN_QUOTED_INCLUDE_IN_FRAMEWORK_HEADER = YES;
				CLANG_WARN_RANGE_LOOP_ANALYSIS = YES;
				CLANG_WARN_STRICT_PROTOTYPES = YES;
				CLANG_WARN_SUSPICIOUS_MOVE = YES;
				CLANG_WARN_UNGUARDED_AVAILABILITY = YES_AGGRESSIVE;
				CLANG_WARN_UNREACHABLE_CODE = YES;
				CLANG_WARN__DUPLICATE_METHOD_MATCH = YES;
				COPY_PHASE_STRIP = NO;
				DEBUG_INFORMATION_FORMAT = dwarf;
				ENABLE_STRICT_OBJC_MSGSEND = YES;
				ENABLE_TESTABILITY = YES;
				GCC_C_LANGUAGE_STANDARD = gnu11;
				GCC_DYNAMIC_NO_PIC = NO;
				GCC_NO_COMMON_BLOCKS = YES;
				GCC_OPTIMIZATION_LEVEL = 0;
				GCC_PREPROCESSOR_DEFINITIONS = (
					"DEBUG=1",
					"$(inherited)",
				);
				GCC_WARN_64_TO_32_BIT_CONVERSION = YES;
				GCC_WARN_ABOUT_RETURN_TYPE = YES_ERROR;
				GCC_WARN_UNDECLARED_SELECTOR = YES;
				GCC_WARN_UNINITIALIZED_AUTOS = YES_AGGRESSIVE;
				GCC_WARN_UNUSED_FUNCTION = YES;
				GCC_WARN_UNUSED_VARIABLE = YES;
				IPHONEOS_DEPLOYMENT_TARGET = 14.5;
				MTL_ENABLE_DEBUG_INFO = INCLUDE_SOURCE;
				MTL_FAST_MATH = YES;
				ONLY_ACTIVE_ARCH = YES;
				SDKROOT = iphoneos;
				SWIFT_ACTIVE_COMPILATION_CONDITIONS = DEBUG;
				SWIFT_OPTIMIZATION_LEVEL = "-Onone";
			};
			name = Debug;
		};
		10042B17282BF57600A88A72 /* Release */ = {
			isa = XCBuildConfiguration;
			buildSettings = {
				ALWAYS_SEARCH_USER_PATHS = NO;
				CLANG_ANALYZER_NONNULL = YES;
				CLANG_ANALYZER_NUMBER_OBJECT_CONVERSION = YES_AGGRESSIVE;
				CLANG_CXX_LANGUAGE_STANDARD = "gnu++14";
				CLANG_CXX_LIBRARY = "libc++";
				CLANG_ENABLE_MODULES = YES;
				CLANG_ENABLE_OBJC_ARC = YES;
				CLANG_ENABLE_OBJC_WEAK = YES;
				CLANG_WARN_BLOCK_CAPTURE_AUTORELEASING = YES;
				CLANG_WARN_BOOL_CONVERSION = YES;
				CLANG_WARN_COMMA = YES;
				CLANG_WARN_CONSTANT_CONVERSION = YES;
				CLANG_WARN_DEPRECATED_OBJC_IMPLEMENTATIONS = YES;
				CLANG_WARN_DIRECT_OBJC_ISA_USAGE = YES_ERROR;
				CLANG_WARN_DOCUMENTATION_COMMENTS = YES;
				CLANG_WARN_EMPTY_BODY = YES;
				CLANG_WARN_ENUM_CONVERSION = YES;
				CLANG_WARN_INFINITE_RECURSION = YES;
				CLANG_WARN_INT_CONVERSION = YES;
				CLANG_WARN_NON_LITERAL_NULL_CONVERSION = YES;
				CLANG_WARN_OBJC_IMPLICIT_RETAIN_SELF = YES;
				CLANG_WARN_OBJC_LITERAL_CONVERSION = YES;
				CLANG_WARN_OBJC_ROOT_CLASS = YES_ERROR;
				CLANG_WARN_QUOTED_INCLUDE_IN_FRAMEWORK_HEADER = YES;
				CLANG_WARN_RANGE_LOOP_ANALYSIS = YES;
				CLANG_WARN_STRICT_PROTOTYPES = YES;
				CLANG_WARN_SUSPICIOUS_MOVE = YES;
				CLANG_WARN_UNGUARDED_AVAILABILITY = YES_AGGRESSIVE;
				CLANG_WARN_UNREACHABLE_CODE = YES;
				CLANG_WARN__DUPLICATE_METHOD_MATCH = YES;
				COPY_PHASE_STRIP = NO;
				DEBUG_INFORMATION_FORMAT = "dwarf-with-dsym";
				ENABLE_NS_ASSERTIONS = NO;
				ENABLE_STRICT_OBJC_MSGSEND = YES;
				GCC_C_LANGUAGE_STANDARD = gnu11;
				GCC_NO_COMMON_BLOCKS = YES;
				GCC_WARN_64_TO_32_BIT_CONVERSION = YES;
				GCC_WARN_ABOUT_RETURN_TYPE = YES_ERROR;
				GCC_WARN_UNDECLARED_SELECTOR = YES;
				GCC_WARN_UNINITIALIZED_AUTOS = YES_AGGRESSIVE;
				GCC_WARN_UNUSED_FUNCTION = YES;
				GCC_WARN_UNUSED_VARIABLE = YES;
				IPHONEOS_DEPLOYMENT_TARGET = 14.5;
				MTL_ENABLE_DEBUG_INFO = NO;
				MTL_FAST_MATH = YES;
				SDKROOT = iphoneos;
				SWIFT_COMPILATION_MODE = wholemodule;
				SWIFT_OPTIMIZATION_LEVEL = "-O";
				VALIDATE_PRODUCT = YES;
			};
			name = Release;
		};
		10042B19282BF57600A88A72 /* Debug */ = {
			isa = XCBuildConfiguration;
			buildSettings = {
				ASSETCATALOG_COMPILER_APPICON_NAME = AppIcon;
				ASSETCATALOG_COMPILER_GLOBAL_ACCENT_COLOR_NAME = AccentColor;
				CODE_SIGN_STYLE = Automatic;
				INFOPLIST_FILE = "Dinosaurs-iOS/Info.plist";
				LD_RUNPATH_SEARCH_PATHS = (
					"$(inherited)",
					"@executable_path/Frameworks",
				);
				PRODUCT_BUNDLE_IDENTIFIER = "Coolbeans.Dinosaurs-iOS";
				PRODUCT_NAME = "$(TARGET_NAME)";
				SWIFT_VERSION = 5.0;
				TARGETED_DEVICE_FAMILY = "1,2";
			};
			name = Debug;
		};
		10042B1A282BF57600A88A72 /* Release */ = {
			isa = XCBuildConfiguration;
			buildSettings = {
				ASSETCATALOG_COMPILER_APPICON_NAME = AppIcon;
				ASSETCATALOG_COMPILER_GLOBAL_ACCENT_COLOR_NAME = AccentColor;
				CODE_SIGN_STYLE = Automatic;
				INFOPLIST_FILE = "Dinosaurs-iOS/Info.plist";
				LD_RUNPATH_SEARCH_PATHS = (
					"$(inherited)",
					"@executable_path/Frameworks",
				);
				PRODUCT_BUNDLE_IDENTIFIER = "Coolbeans.Dinosaurs-iOS";
				PRODUCT_NAME = "$(TARGET_NAME)";
				SWIFT_VERSION = 5.0;
				TARGETED_DEVICE_FAMILY = "1,2";
			};
			name = Release;
		};
/* End XCBuildConfiguration section */

/* Begin XCConfigurationList section */
		10042AFE282BF57500A88A72 /* Build configuration list for PBXProject "Dinosaurs-iOS" */ = {
			isa = XCConfigurationList;
			buildConfigurations = (
				10042B16282BF57600A88A72 /* Debug */,
				10042B17282BF57600A88A72 /* Release */,
			);
			defaultConfigurationIsVisible = 0;
			defaultConfigurationName = Release;
		};
		10042B18282BF57600A88A72 /* Build configuration list for PBXNativeTarget "Dinosaurs-iOS" */ = {
			isa = XCConfigurationList;
			buildConfigurations = (
				10042B19282BF57600A88A72 /* Debug */,
				10042B1A282BF57600A88A72 /* Release */,
			);
			defaultConfigurationIsVisible = 0;
			defaultConfigurationName = Release;
		};
/* End XCConfigurationList section */
	};
	rootObject = 10042AFB282BF57500A88A72 /* Project object */;
}
